
Microsoft Visual Studio Solution File, Format Version 12.00
# Visual Studio Version 17
VisualStudioVersion = 17.2.32616.157
MinimumVisualStudioVersion = 10.0.40219.1
Project("{FAE04EC0-301F-11D3-BF4B-00C04F79EFBC}") = "Generics", "Generics\Generics.csproj", "{0B4D24FF-825E-4727-B6C1-7674D18E1EEE}"
EndProject
Global
	GlobalSection(SolutionConfigurationPlatforms) = preSolution
		Debug|Any CPU = Debug|Any CPU
		Release|Any CPU = Release|Any CPU
	EndGlobalSection
	GlobalSection(ProjectConfigurationPlatforms) = postSolution
		{0B4D24FF-825E-4727-B6C1-7674D18E1EEE}.Debug|Any CPU.ActiveCfg = Debug|Any CPU
		{0B4D24FF-825E-4727-B6C1-7674D18E1EEE}.Debug|Any CPU.Build.0 = Debug|Any CPU
		{0B4D24FF-825E-4727-B6C1-7674D18E1EEE}.Release|Any CPU.ActiveCfg = Release|Any CPU
		{0B4D24FF-825E-4727-B6C1-7674D18E1EEE}.Release|Any CPU.Build.0 = Release|Any CPU
	EndGlobalSection
	GlobalSection(SolutionProperties) = preSolution
		HideSolutionNode = FALSE
	EndGlobalSection
	GlobalSection(ExtensibilityGlobals) = postSolution
		SolutionGuid = {74605A18-D320-4E02-8A60-7590894EFE8C}
	EndGlobalSection
EndGlobal
